// !$*UTF8*$!
{
	archiveVersion = 1;
	classes = {
	};
	objectVersion = 52;
	objects = {

/* Begin PBXBuildFile section */
		6B81AE7989298B26DD073A66 /* .swiftlint.yml in Resources */ = {isa = PBXBuildFile; fileRef = 6B81ABEF7038996F068F48C2 /* .swiftlint.yml */; };
		6B81AF20E77BE131CAAA6659 /* GamesFavorite.swift in Sources */ = {isa = PBXBuildFile; fileRef = 6B81A02248E3BD917DF55013 /* GamesFavorite.swift */; };
		7138450024FA0B70008EDE8C /* Ubuntu-Bold.ttf in Resources */ = {isa = PBXBuildFile; fileRef = 713844FF24FA0AB1008EDE8C /* Ubuntu-Bold.ttf */; };
		7138450124FA0B70008EDE8C /* Ubuntu-BoldItalic.ttf in Resources */ = {isa = PBXBuildFile; fileRef = 713844FE24FA0AB1008EDE8C /* Ubuntu-BoldItalic.ttf */; };
		7138450224FA0B70008EDE8C /* Ubuntu-Medium.ttf in Resources */ = {isa = PBXBuildFile; fileRef = 713844FC24FA0AB1008EDE8C /* Ubuntu-Medium.ttf */; };
		7138450324FA0B70008EDE8C /* Ubuntu-Regular.ttf in Resources */ = {isa = PBXBuildFile; fileRef = 713844FD24FA0AB1008EDE8C /* Ubuntu-Regular.ttf */; };
		71385FD024C05D6E005DB04B /* AboutView.swift in Sources */ = {isa = PBXBuildFile; fileRef = 71385FCF24C05D6E005DB04B /* AboutView.swift */; };
		71385FD224C06A51005DB04B /* SearchView.swift in Sources */ = {isa = PBXBuildFile; fileRef = 71385FD124C06A51005DB04B /* SearchView.swift */; };
		71385FD424C090A7005DB04B /* LoadingIndicator.swift in Sources */ = {isa = PBXBuildFile; fileRef = 71385FD324C090A7005DB04B /* LoadingIndicator.swift */; };
		714C97A724FA990500FCEC2F /* RemoteImage in Frameworks */ = {isa = PBXBuildFile; productRef = 718474FE24FA850E0075E7B5 /* RemoteImage */; };
		714C97A924FABD4800FCEC2F /* GameFav.swift in Sources */ = {isa = PBXBuildFile; fileRef = 714C97A824FABD4800FCEC2F /* GameFav.swift */; };
		717ACDEF24BEA4880077467F /* Api.swift in Sources */ = {isa = PBXBuildFile; fileRef = 717ACDEE24BEA4880077467F /* Api.swift */; };
		717ACE0124BF6B810077467F /* Game.swift in Sources */ = {isa = PBXBuildFile; fileRef = 717ACE0024BF6B810077467F /* Game.swift */; };
		717ACE0524BF7DAD0077467F /* DetailView.swift in Sources */ = {isa = PBXBuildFile; fileRef = 717ACE0424BF7DAD0077467F /* DetailView.swift */; };
		717ACE0924C003EF0077467F /* GameRow.swift in Sources */ = {isa = PBXBuildFile; fileRef = 717ACE0824C003EF0077467F /* GameRow.swift */; };
		718474FA24FA194D0075E7B5 /* GamesFavorite.xcdatamodeld in Sources */ = {isa = PBXBuildFile; fileRef = 718474F824FA194D0075E7B5 /* GamesFavorite.xcdatamodeld */; };
		71A47A7D24D50E4200575284 /* GenreRow.swift in Sources */ = {isa = PBXBuildFile; fileRef = 71A47A7C24D50E4200575284 /* GenreRow.swift */; };
		71A47A8324D72E4600575284 /* GenresRow.swift in Sources */ = {isa = PBXBuildFile; fileRef = 71A47A8224D72E4600575284 /* GenresRow.swift */; };
		71E8B37B24B223E900976939 /* AppDelegate.swift in Sources */ = {isa = PBXBuildFile; fileRef = 71E8B37A24B223E900976939 /* AppDelegate.swift */; };
		71E8B37D24B223E900976939 /* SceneDelegate.swift in Sources */ = {isa = PBXBuildFile; fileRef = 71E8B37C24B223E900976939 /* SceneDelegate.swift */; };
		71E8B37F24B223E900976939 /* MainView.swift in Sources */ = {isa = PBXBuildFile; fileRef = 71E8B37E24B223E900976939 /* MainView.swift */; };
		71E8B38124B223EA00976939 /* Assets.xcassets in Resources */ = {isa = PBXBuildFile; fileRef = 71E8B38024B223EA00976939 /* Assets.xcassets */; };
		71E8B38424B223EA00976939 /* Preview Assets.xcassets in Resources */ = {isa = PBXBuildFile; fileRef = 71E8B38324B223EA00976939 /* Preview Assets.xcassets */; };
		71E8B38724B223EA00976939 /* LaunchScreen.storyboard in Resources */ = {isa = PBXBuildFile; fileRef = 71E8B38524B223EA00976939 /* LaunchScreen.storyboard */; };
/* End PBXBuildFile section */

/* Begin PBXFileReference section */
		6B81A02248E3BD917DF55013 /* GamesFavorite.swift */ = {isa = PBXFileReference; fileEncoding = 4; lastKnownFileType = sourcecode.swift; path = GamesFavorite.swift; sourceTree = "<group>"; };
		6B81ABEF7038996F068F48C2 /* .swiftlint.yml */ = {isa = PBXFileReference; fileEncoding = 4; lastKnownFileType = text.yaml; path = .swiftlint.yml; sourceTree = "<group>"; };
		713844FC24FA0AB1008EDE8C /* Ubuntu-Medium.ttf */ = {isa = PBXFileReference; lastKnownFileType = file; path = "Ubuntu-Medium.ttf"; sourceTree = "<group>"; };
		713844FD24FA0AB1008EDE8C /* Ubuntu-Regular.ttf */ = {isa = PBXFileReference; lastKnownFileType = file; path = "Ubuntu-Regular.ttf"; sourceTree = "<group>"; };
		713844FE24FA0AB1008EDE8C /* Ubuntu-BoldItalic.ttf */ = {isa = PBXFileReference; lastKnownFileType = file; path = "Ubuntu-BoldItalic.ttf"; sourceTree = "<group>"; };
		713844FF24FA0AB1008EDE8C /* Ubuntu-Bold.ttf */ = {isa = PBXFileReference; lastKnownFileType = file; path = "Ubuntu-Bold.ttf"; sourceTree = "<group>"; };
		71385FCF24C05D6E005DB04B /* AboutView.swift */ = {isa = PBXFileReference; lastKnownFileType = sourcecode.swift; path = AboutView.swift; sourceTree = "<group>"; };
		71385FD124C06A51005DB04B /* SearchView.swift */ = {isa = PBXFileReference; lastKnownFileType = sourcecode.swift; path = SearchView.swift; sourceTree = "<group>"; };
		71385FD324C090A7005DB04B /* LoadingIndicator.swift */ = {isa = PBXFileReference; lastKnownFileType = sourcecode.swift; path = LoadingIndicator.swift; sourceTree = "<group>"; };
		714C97A824FABD4800FCEC2F /* GameFav.swift */ = {isa = PBXFileReference; lastKnownFileType = sourcecode.swift; path = GameFav.swift; sourceTree = "<group>"; };
		717ACDEE24BEA4880077467F /* Api.swift */ = {isa = PBXFileReference; lastKnownFileType = sourcecode.swift; path = Api.swift; sourceTree = "<group>"; };
		717ACE0024BF6B810077467F /* Game.swift */ = {isa = PBXFileReference; lastKnownFileType = sourcecode.swift; path = Game.swift; sourceTree = "<group>"; };
		717ACE0424BF7DAD0077467F /* DetailView.swift */ = {isa = PBXFileReference; lastKnownFileType = sourcecode.swift; path = DetailView.swift; sourceTree = "<group>"; };
		717ACE0824C003EF0077467F /* GameRow.swift */ = {isa = PBXFileReference; lastKnownFileType = sourcecode.swift; path = GameRow.swift; sourceTree = "<group>"; };
		718474F924FA194D0075E7B5 /* GamesFavorite.xcdatamodel */ = {isa = PBXFileReference; lastKnownFileType = wrapper.xcdatamodel; path = GamesFavorite.xcdatamodel; sourceTree = "<group>"; };
		71A47A7C24D50E4200575284 /* GenreRow.swift */ = {isa = PBXFileReference; lastKnownFileType = sourcecode.swift; path = GenreRow.swift; sourceTree = "<group>"; };
		71A47A8224D72E4600575284 /* GenresRow.swift */ = {isa = PBXFileReference; lastKnownFileType = sourcecode.swift; path = GenresRow.swift; sourceTree = "<group>"; };
		71E8B37724B223E900976939 /* gamacataloge.app */ = {isa = PBXFileReference; explicitFileType = wrapper.application; includeInIndex = 0; path = gamacataloge.app; sourceTree = BUILT_PRODUCTS_DIR; };
		71E8B37A24B223E900976939 /* AppDelegate.swift */ = {isa = PBXFileReference; lastKnownFileType = sourcecode.swift; path = AppDelegate.swift; sourceTree = "<group>"; };
		71E8B37C24B223E900976939 /* SceneDelegate.swift */ = {isa = PBXFileReference; lastKnownFileType = sourcecode.swift; path = SceneDelegate.swift; sourceTree = "<group>"; };
		71E8B37E24B223E900976939 /* MainView.swift */ = {isa = PBXFileReference; lastKnownFileType = sourcecode.swift; path = MainView.swift; sourceTree = "<group>"; };
		71E8B38024B223EA00976939 /* Assets.xcassets */ = {isa = PBXFileReference; lastKnownFileType = folder.assetcatalog; path = Assets.xcassets; sourceTree = "<group>"; };
		71E8B38324B223EA00976939 /* Preview Assets.xcassets */ = {isa = PBXFileReference; lastKnownFileType = folder.assetcatalog; path = "Preview Assets.xcassets"; sourceTree = "<group>"; };
		71E8B38624B223EA00976939 /* Base */ = {isa = PBXFileReference; lastKnownFileType = file.storyboard; name = Base; path = Base.lproj/LaunchScreen.storyboard; sourceTree = "<group>"; };
		71E8B38824B223EA00976939 /* Info.plist */ = {isa = PBXFileReference; lastKnownFileType = text.plist.xml; path = Info.plist; sourceTree = "<group>"; };
/* End PBXFileReference section */

/* Begin PBXFrameworksBuildPhase section */
		71E8B37424B223E900976939 /* Frameworks */ = {
			isa = PBXFrameworksBuildPhase;
			buildActionMask = 2147483647;
			files = (
				714C97A724FA990500FCEC2F /* RemoteImage in Frameworks */,
			);
			runOnlyForDeploymentPostprocessing = 0;
		};
/* End PBXFrameworksBuildPhase section */

/* Begin PBXGroup section */
		713844F824FA0878008EDE8C /* Fonts */ = {
			isa = PBXGroup;
			children = (
				713844FF24FA0AB1008EDE8C /* Ubuntu-Bold.ttf */,
				713844FE24FA0AB1008EDE8C /* Ubuntu-BoldItalic.ttf */,
				713844FC24FA0AB1008EDE8C /* Ubuntu-Medium.ttf */,
				713844FD24FA0AB1008EDE8C /* Ubuntu-Regular.ttf */,
			);
			path = Fonts;
			sourceTree = "<group>";
		};
		717ACDED24BEA4700077467F /* Model */ = {
			isa = PBXGroup;
			children = (
				717ACDEE24BEA4880077467F /* Api.swift */,
				717ACE0024BF6B810077467F /* Game.swift */,
				718474F824FA194D0075E7B5 /* GamesFavorite.xcdatamodeld */,
				714C97A824FABD4800FCEC2F /* GameFav.swift */,
			);
			path = Model;
			sourceTree = "<group>";
		};
		71E8B36E24B223E900976939 = {
			isa = PBXGroup;
			children = (
				71E8B37924B223E900976939 /* gamacataloge */,
				71E8B37824B223E900976939 /* Products */,
				6B81ABEF7038996F068F48C2 /* .swiftlint.yml */,
			);
			sourceTree = "<group>";
		};
		71E8B37824B223E900976939 /* Products */ = {
			isa = PBXGroup;
			children = (
				71E8B37724B223E900976939 /* gamacataloge.app */,
			);
			name = Products;
			sourceTree = "<group>";
		};
		71E8B37924B223E900976939 /* gamacataloge */ = {
			isa = PBXGroup;
			children = (
				713844F824FA0878008EDE8C /* Fonts */,
				717ACDED24BEA4700077467F /* Model */,
				71E8B38F24B2246400976939 /* View */,
				71E8B38E24B2245A00976939 /* Base */,
				71E8B38024B223EA00976939 /* Assets.xcassets */,
				71E8B38524B223EA00976939 /* LaunchScreen.storyboard */,
				71E8B38824B223EA00976939 /* Info.plist */,
				71E8B38224B223EA00976939 /* Preview Content */,
			);
			path = gamacataloge;
			sourceTree = "<group>";
		};
		71E8B38224B223EA00976939 /* Preview Content */ = {
			isa = PBXGroup;
			children = (
				71E8B38324B223EA00976939 /* Preview Assets.xcassets */,
			);
			path = "Preview Content";
			sourceTree = "<group>";
		};
		71E8B38E24B2245A00976939 /* Base */ = {
			isa = PBXGroup;
			children = (
				71E8B37A24B223E900976939 /* AppDelegate.swift */,
				71E8B37C24B223E900976939 /* SceneDelegate.swift */,
			);
			path = Base;
			sourceTree = "<group>";
		};
		71E8B38F24B2246400976939 /* View */ = {
			isa = PBXGroup;
			children = (
				71E8B37E24B223E900976939 /* MainView.swift */,
				717ACE0424BF7DAD0077467F /* DetailView.swift */,
				717ACE0824C003EF0077467F /* GameRow.swift */,
				71385FCF24C05D6E005DB04B /* AboutView.swift */,
				71385FD124C06A51005DB04B /* SearchView.swift */,
				71385FD324C090A7005DB04B /* LoadingIndicator.swift */,
				71A47A7C24D50E4200575284 /* GenreRow.swift */,
				71A47A8224D72E4600575284 /* GenresRow.swift */,
				6B81A02248E3BD917DF55013 /* GamesFavorite.swift */,
			);
			path = View;
			sourceTree = "<group>";
		};
/* End PBXGroup section */

/* Begin PBXNativeTarget section */
		71E8B37624B223E900976939 /* gamacataloge */ = {
			isa = PBXNativeTarget;
			buildConfigurationList = 71E8B38B24B223EA00976939 /* Build configuration list for PBXNativeTarget "gamacataloge" */;
			buildPhases = (
				71E8B37324B223E900976939 /* Sources */,
				71E8B37424B223E900976939 /* Frameworks */,
				71E8B37524B223E900976939 /* Resources */,
				71A47A8124D6F41A00575284 /* swiftlint */,
			);
			buildRules = (
			);
			dependencies = (
			);
			name = gamacataloge;
			packageProductDependencies = (
				718474FE24FA850E0075E7B5 /* RemoteImage */,
			);
			productName = gamacataloge;
			productReference = 71E8B37724B223E900976939 /* gamacataloge.app */;
			productType = "com.apple.product-type.application";
		};
/* End PBXNativeTarget section */

/* Begin PBXProject section */
		71E8B36F24B223E900976939 /* Project object */ = {
			isa = PBXProject;
			attributes = {
				LastSwiftUpdateCheck = 1150;
				LastUpgradeCheck = 1150;
				ORGANIZATIONNAME = "Hasan Basri";
				TargetAttributes = {
					71E8B37624B223E900976939 = {
						CreatedOnToolsVersion = 11.5;
					};
				};
			};
			buildConfigurationList = 71E8B37224B223E900976939 /* Build configuration list for PBXProject "gamacataloge" */;
			compatibilityVersion = "Xcode 9.3";
			developmentRegion = en;
			hasScannedForEncodings = 0;
			knownRegions = (
				en,
				Base,
			);
			mainGroup = 71E8B36E24B223E900976939;
			packageReferences = (
				718474FD24FA850E0075E7B5 /* XCRemoteSwiftPackageReference "RemoteImage" */,
			);
			productRefGroup = 71E8B37824B223E900976939 /* Products */;
			projectDirPath = "";
			projectRoot = "";
			targets = (
				71E8B37624B223E900976939 /* gamacataloge */,
			);
		};
/* End PBXProject section */

/* Begin PBXResourcesBuildPhase section */
		71E8B37524B223E900976939 /* Resources */ = {
			isa = PBXResourcesBuildPhase;
			buildActionMask = 2147483647;
			files = (
				7138450024FA0B70008EDE8C /* Ubuntu-Bold.ttf in Resources */,
				7138450124FA0B70008EDE8C /* Ubuntu-BoldItalic.ttf in Resources */,
				7138450224FA0B70008EDE8C /* Ubuntu-Medium.ttf in Resources */,
				7138450324FA0B70008EDE8C /* Ubuntu-Regular.ttf in Resources */,
				71E8B38724B223EA00976939 /* LaunchScreen.storyboard in Resources */,
				71E8B38424B223EA00976939 /* Preview Assets.xcassets in Resources */,
				71E8B38124B223EA00976939 /* Assets.xcassets in Resources */,
				6B81AE7989298B26DD073A66 /* .swiftlint.yml in Resources */,
			);
			runOnlyForDeploymentPostprocessing = 0;
		};
/* End PBXResourcesBuildPhase section */

/* Begin PBXShellScriptBuildPhase section */
		71A47A8124D6F41A00575284 /* swiftlint */ = {
			isa = PBXShellScriptBuildPhase;
			buildActionMask = 2147483647;
			files = (
			);
			inputFileListPaths = (
			);
			inputPaths = (
			);
			name = swiftlint;
			outputFileListPaths = (
			);
			outputPaths = (
			);
			runOnlyForDeploymentPostprocessing = 0;
			shellPath = /bin/sh;
			shellScript = "if which swiftlint >/dev/null; then\n  swiftlint\nelse\n  echo \"warning: SwiftLint not installed, download from https://github.com/realm/SwiftLint\"\nfi\n";
		};
/* End PBXShellScriptBuildPhase section */

/* Begin PBXSourcesBuildPhase section */
		71E8B37324B223E900976939 /* Sources */ = {
			isa = PBXSourcesBuildPhase;
			buildActionMask = 2147483647;
			files = (
				71385FD224C06A51005DB04B /* SearchView.swift in Sources */,
				717ACE0924C003EF0077467F /* GameRow.swift in Sources */,
				717ACE0124BF6B810077467F /* Game.swift in Sources */,
				71E8B37B24B223E900976939 /* AppDelegate.swift in Sources */,
				71385FD024C05D6E005DB04B /* AboutView.swift in Sources */,
				71A47A8324D72E4600575284 /* GenresRow.swift in Sources */,
				717ACE0524BF7DAD0077467F /* DetailView.swift in Sources */,
				71A47A7D24D50E4200575284 /* GenreRow.swift in Sources */,
				71385FD424C090A7005DB04B /* LoadingIndicator.swift in Sources */,
				71E8B37D24B223E900976939 /* SceneDelegate.swift in Sources */,
				717ACDEF24BEA4880077467F /* Api.swift in Sources */,
				714C97A924FABD4800FCEC2F /* GameFav.swift in Sources */,
				71E8B37F24B223E900976939 /* MainView.swift in Sources */,
				718474FA24FA194D0075E7B5 /* GamesFavorite.xcdatamodeld in Sources */,
				6B81AF20E77BE131CAAA6659 /* GamesFavorite.swift in Sources */,
			);
			runOnlyForDeploymentPostprocessing = 0;
		};
/* End PBXSourcesBuildPhase section */

/* Begin PBXVariantGroup section */
		71E8B38524B223EA00976939 /* LaunchScreen.storyboard */ = {
			isa = PBXVariantGroup;
			children = (
				71E8B38624B223EA00976939 /* Base */,
			);
			name = LaunchScreen.storyboard;
			sourceTree = "<group>";
		};
/* End PBXVariantGroup section */

/* Begin XCBuildConfiguration section */
		71E8B38924B223EA00976939 /* Debug */ = {
			isa = XCBuildConfiguration;
			buildSettings = {
				ALWAYS_SEARCH_USER_PATHS = NO;
				CLANG_ANALYZER_NONNULL = YES;
				CLANG_ANALYZER_NUMBER_OBJECT_CONVERSION = YES_AGGRESSIVE;
				CLANG_CXX_LANGUAGE_STANDARD = "gnu++14";
				CLANG_CXX_LIBRARY = "libc++";
				CLANG_ENABLE_MODULES = YES;
				CLANG_ENABLE_OBJC_ARC = YES;
				CLANG_ENABLE_OBJC_WEAK = YES;
				CLANG_WARN_BLOCK_CAPTURE_AUTORELEASING = YES;
				CLANG_WARN_BOOL_CONVERSION = YES;
				CLANG_WARN_COMMA = YES;
				CLANG_WARN_CONSTANT_CONVERSION = YES;
				CLANG_WARN_DEPRECATED_OBJC_IMPLEMENTATIONS = YES;
				CLANG_WARN_DIRECT_OBJC_ISA_USAGE = YES_ERROR;
				CLANG_WARN_DOCUMENTATION_COMMENTS = YES;
				CLANG_WARN_EMPTY_BODY = YES;
				CLANG_WARN_ENUM_CONVERSION = YES;
				CLANG_WARN_INFINITE_RECURSION = YES;
				CLANG_WARN_INT_CONVERSION = YES;
				CLANG_WARN_NON_LITERAL_NULL_CONVERSION = YES;
				CLANG_WARN_OBJC_IMPLICIT_RETAIN_SELF = YES;
				CLANG_WARN_OBJC_LITERAL_CONVERSION = YES;
				CLANG_WARN_OBJC_ROOT_CLASS = YES_ERROR;
				CLANG_WARN_RANGE_LOOP_ANALYSIS = YES;
				CLANG_WARN_STRICT_PROTOTYPES = YES;
				CLANG_WARN_SUSPICIOUS_MOVE = YES;
				CLANG_WARN_UNGUARDED_AVAILABILITY = YES_AGGRESSIVE;
				CLANG_WARN_UNREACHABLE_CODE = YES;
				CLANG_WARN__DUPLICATE_METHOD_MATCH = YES;
				COPY_PHASE_STRIP = NO;
				DEBUG_INFORMATION_FORMAT = dwarf;
				ENABLE_STRICT_OBJC_MSGSEND = YES;
				ENABLE_TESTABILITY = YES;
				GCC_C_LANGUAGE_STANDARD = gnu11;
				GCC_DYNAMIC_NO_PIC = NO;
				GCC_NO_COMMON_BLOCKS = YES;
				GCC_OPTIMIZATION_LEVEL = 0;
				GCC_PREPROCESSOR_DEFINITIONS = (
					"DEBUG=1",
					"$(inherited)",
				);
				GCC_WARN_64_TO_32_BIT_CONVERSION = YES;
				GCC_WARN_ABOUT_RETURN_TYPE = YES_ERROR;
				GCC_WARN_UNDECLARED_SELECTOR = YES;
				GCC_WARN_UNINITIALIZED_AUTOS = YES_AGGRESSIVE;
				GCC_WARN_UNUSED_FUNCTION = YES;
				GCC_WARN_UNUSED_VARIABLE = YES;
				IPHONEOS_DEPLOYMENT_TARGET = 13.5;
				MTL_ENABLE_DEBUG_INFO = INCLUDE_SOURCE;
				MTL_FAST_MATH = YES;
				ONLY_ACTIVE_ARCH = YES;
				SDKROOT = iphoneos;
				SWIFT_ACTIVE_COMPILATION_CONDITIONS = DEBUG;
				SWIFT_OPTIMIZATION_LEVEL = "-Onone";
			};
			name = Debug;
		};
		71E8B38A24B223EA00976939 /* Release */ = {
			isa = XCBuildConfiguration;
			buildSettings = {
				ALWAYS_SEARCH_USER_PATHS = NO;
				CLANG_ANALYZER_NONNULL = YES;
				CLANG_ANALYZER_NUMBER_OBJECT_CONVERSION = YES_AGGRESSIVE;
				CLANG_CXX_LANGUAGE_STANDARD = "gnu++14";
				CLANG_CXX_LIBRARY = "libc++";
				CLANG_ENABLE_MODULES = YES;
				CLANG_ENABLE_OBJC_ARC = YES;
				CLANG_ENABLE_OBJC_WEAK = YES;
				CLANG_WARN_BLOCK_CAPTURE_AUTORELEASING = YES;
				CLANG_WARN_BOOL_CONVERSION = YES;
				CLANG_WARN_COMMA = YES;
				CLANG_WARN_CONSTANT_CONVERSION = YES;
				CLANG_WARN_DEPRECATED_OBJC_IMPLEMENTATIONS = YES;
				CLANG_WARN_DIRECT_OBJC_ISA_USAGE = YES_ERROR;
				CLANG_WARN_DOCUMENTATION_COMMENTS = YES;
				CLANG_WARN_EMPTY_BODY = YES;
				CLANG_WARN_ENUM_CONVERSION = YES;
				CLANG_WARN_INFINITE_RECURSION = YES;
				CLANG_WARN_INT_CONVERSION = YES;
				CLANG_WARN_NON_LITERAL_NULL_CONVERSION = YES;
				CLANG_WARN_OBJC_IMPLICIT_RETAIN_SELF = YES;
				CLANG_WARN_OBJC_LITERAL_CONVERSION = YES;
				CLANG_WARN_OBJC_ROOT_CLASS = YES_ERROR;
				CLANG_WARN_RANGE_LOOP_ANALYSIS = YES;
				CLANG_WARN_STRICT_PROTOTYPES = YES;
				CLANG_WARN_SUSPICIOUS_MOVE = YES;
				CLANG_WARN_UNGUARDED_AVAILABILITY = YES_AGGRESSIVE;
				CLANG_WARN_UNREACHABLE_CODE = YES;
				CLANG_WARN__DUPLICATE_METHOD_MATCH = YES;
				COPY_PHASE_STRIP = NO;
				DEBUG_INFORMATION_FORMAT = "dwarf-with-dsym";
				ENABLE_NS_ASSERTIONS = NO;
				ENABLE_STRICT_OBJC_MSGSEND = YES;
				GCC_C_LANGUAGE_STANDARD = gnu11;
				GCC_NO_COMMON_BLOCKS = YES;
				GCC_WARN_64_TO_32_BIT_CONVERSION = YES;
				GCC_WARN_ABOUT_RETURN_TYPE = YES_ERROR;
				GCC_WARN_UNDECLARED_SELECTOR = YES;
				GCC_WARN_UNINITIALIZED_AUTOS = YES_AGGRESSIVE;
				GCC_WARN_UNUSED_FUNCTION = YES;
				GCC_WARN_UNUSED_VARIABLE = YES;
				IPHONEOS_DEPLOYMENT_TARGET = 13.5;
				MTL_ENABLE_DEBUG_INFO = NO;
				MTL_FAST_MATH = YES;
				SDKROOT = iphoneos;
				SWIFT_COMPILATION_MODE = wholemodule;
				SWIFT_OPTIMIZATION_LEVEL = "-O";
				VALIDATE_PRODUCT = YES;
			};
			name = Release;
		};
		71E8B38C24B223EA00976939 /* Debug */ = {
			isa = XCBuildConfiguration;
			buildSettings = {
				ASSETCATALOG_COMPILER_APPICON_NAME = AppIcon;
				CODE_SIGN_STYLE = Automatic;
				DEVELOPMENT_ASSET_PATHS = "\"gamacataloge/Preview Content\"";
				DEVELOPMENT_TEAM = 2A6FN7SK9P;
				ENABLE_PREVIEWS = YES;
				INFOPLIST_FILE = gamacataloge/Info.plist;
				IPHONEOS_DEPLOYMENT_TARGET = 13.6;
				LD_RUNPATH_SEARCH_PATHS = (
					"$(inherited)",
					"@executable_path/Frameworks",
				);
				PRODUCT_BUNDLE_IDENTIFIER = com.hasanbasri93.gamacataloge;
				PRODUCT_NAME = "$(TARGET_NAME)";
				SWIFT_VERSION = 5.0;
				TARGETED_DEVICE_FAMILY = "1,2";
			};
			name = Debug;
		};
		71E8B38D24B223EA00976939 /* Release */ = {
			isa = XCBuildConfiguration;
			buildSettings = {
				ASSETCATALOG_COMPILER_APPICON_NAME = AppIcon;
				CODE_SIGN_STYLE = Automatic;
				DEVELOPMENT_ASSET_PATHS = "\"gamacataloge/Preview Content\"";
				DEVELOPMENT_TEAM = 2A6FN7SK9P;
				ENABLE_PREVIEWS = YES;
				INFOPLIST_FILE = gamacataloge/Info.plist;
				IPHONEOS_DEPLOYMENT_TARGET = 13.6;
				LD_RUNPATH_SEARCH_PATHS = (
					"$(inherited)",
					"@executable_path/Frameworks",
				);
				PRODUCT_BUNDLE_IDENTIFIER = com.hasanbasri93.gamacataloge;
				PRODUCT_NAME = "$(TARGET_NAME)";
				SWIFT_VERSION = 5.0;
				TARGETED_DEVICE_FAMILY = "1,2";
			};
			name = Release;
		};
/* End XCBuildConfiguration section */

/* Begin XCConfigurationList section */
		71E8B37224B223E900976939 /* Build configuration list for PBXProject "gamacataloge" */ = {
			isa = XCConfigurationList;
			buildConfigurations = (
				71E8B38924B223EA00976939 /* Debug */,
				71E8B38A24B223EA00976939 /* Release */,
			);
			defaultConfigurationIsVisible = 0;
			defaultConfigurationName = Release;
		};
		71E8B38B24B223EA00976939 /* Build configuration list for PBXNativeTarget "gamacataloge" */ = {
			isa = XCConfigurationList;
			buildConfigurations = (
				71E8B38C24B223EA00976939 /* Debug */,
				71E8B38D24B223EA00976939 /* Release */,
			);
			defaultConfigurationIsVisible = 0;
			defaultConfigurationName = Release;
		};
/* End XCConfigurationList section */

/* Begin XCRemoteSwiftPackageReference section */
		718474FD24FA850E0075E7B5 /* XCRemoteSwiftPackageReference "RemoteImage" */ = {
			isa = XCRemoteSwiftPackageReference;
			repositoryURL = "https://github.com/crelies/RemoteImage";
			requirement = {
				kind = upToNextMajorVersion;
				minimumVersion = 2.0.3;
			};
		};
/* End XCRemoteSwiftPackageReference section */

/* Begin XCSwiftPackageProductDependency section */
		718474FE24FA850E0075E7B5 /* RemoteImage */ = {
			isa = XCSwiftPackageProductDependency;
			package = 718474FD24FA850E0075E7B5 /* XCRemoteSwiftPackageReference "RemoteImage" */;
			productName = RemoteImage;
		};
/* End XCSwiftPackageProductDependency section */

/* Begin XCVersionGroup section */
		718474F824FA194D0075E7B5 /* GamesFavorite.xcdatamodeld */ = {
			isa = XCVersionGroup;
			children = (
				718474F924FA194D0075E7B5 /* GamesFavorite.xcdatamodel */,
			);
			currentVersion = 718474F924FA194D0075E7B5 /* GamesFavorite.xcdatamodel */;
			path = GamesFavorite.xcdatamodeld;
			sourceTree = "<group>";
			versionGroupType = wrapper.xcdatamodel;
		};
/* End XCVersionGroup section */
	};
	rootObject = 71E8B36F24B223E900976939 /* Project object */;
}
