// !$*UTF8*$!
{
	archiveVersion = 1;
	classes = {
	};
	objectVersion = 50;
	objects = {

/* Begin PBXBuildFile section */
		71385FD024C05D6E005DB04B /* AboutView.swift in Sources */ = {isa = PBXBuildFile; fileRef = 71385FCF24C05D6E005DB04B /* AboutView.swift */; };
		71385FD224C06A51005DB04B /* SearchBar.swift in Sources */ = {isa = PBXBuildFile; fileRef = 71385FD124C06A51005DB04B /* SearchBar.swift */; };
		717ACDEF24BEA4880077467F /* Api.swift in Sources */ = {isa = PBXBuildFile; fileRef = 717ACDEE24BEA4880077467F /* Api.swift */; };
		717ACDF924BEF88B0077467F /* ImageLoader.swift in Sources */ = {isa = PBXBuildFile; fileRef = 717ACDF824BEF88B0077467F /* ImageLoader.swift */; };
		717ACDFB24BF28C50077467F /* RemoteImage.swift in Sources */ = {isa = PBXBuildFile; fileRef = 717ACDFA24BF28C50077467F /* RemoteImage.swift */; };
		717ACDFD24BF319B0077467F /* ImageCache.swift in Sources */ = {isa = PBXBuildFile; fileRef = 717ACDFC24BF319B0077467F /* ImageCache.swift */; };
		717ACDFF24BF31E90077467F /* Image.swift in Sources */ = {isa = PBXBuildFile; fileRef = 717ACDFE24BF31E90077467F /* Image.swift */; };
		717ACE0124BF6B810077467F /* Game.swift in Sources */ = {isa = PBXBuildFile; fileRef = 717ACE0024BF6B810077467F /* Game.swift */; };
		717ACE0524BF7DAD0077467F /* DetailView.swift in Sources */ = {isa = PBXBuildFile; fileRef = 717ACE0424BF7DAD0077467F /* DetailView.swift */; };
		717ACE0924C003EF0077467F /* GameRow.swift in Sources */ = {isa = PBXBuildFile; fileRef = 717ACE0824C003EF0077467F /* GameRow.swift */; };
		71E8B37B24B223E900976939 /* AppDelegate.swift in Sources */ = {isa = PBXBuildFile; fileRef = 71E8B37A24B223E900976939 /* AppDelegate.swift */; };
		71E8B37D24B223E900976939 /* SceneDelegate.swift in Sources */ = {isa = PBXBuildFile; fileRef = 71E8B37C24B223E900976939 /* SceneDelegate.swift */; };
		71E8B37F24B223E900976939 /* MainView.swift in Sources */ = {isa = PBXBuildFile; fileRef = 71E8B37E24B223E900976939 /* MainView.swift */; };
		71E8B38124B223EA00976939 /* Assets.xcassets in Resources */ = {isa = PBXBuildFile; fileRef = 71E8B38024B223EA00976939 /* Assets.xcassets */; };
		71E8B38424B223EA00976939 /* Preview Assets.xcassets in Resources */ = {isa = PBXBuildFile; fileRef = 71E8B38324B223EA00976939 /* Preview Assets.xcassets */; };
		71E8B38724B223EA00976939 /* LaunchScreen.storyboard in Resources */ = {isa = PBXBuildFile; fileRef = 71E8B38524B223EA00976939 /* LaunchScreen.storyboard */; };
/* End PBXBuildFile section */

/* Begin PBXFileReference section */
		71385FCF24C05D6E005DB04B /* AboutView.swift */ = {isa = PBXFileReference; lastKnownFileType = sourcecode.swift; path = AboutView.swift; sourceTree = "<group>"; };
		71385FD124C06A51005DB04B /* SearchBar.swift */ = {isa = PBXFileReference; lastKnownFileType = sourcecode.swift; path = SearchBar.swift; sourceTree = "<group>"; };
		717ACDEE24BEA4880077467F /* Api.swift */ = {isa = PBXFileReference; lastKnownFileType = sourcecode.swift; path = Api.swift; sourceTree = "<group>"; };
		717ACDF824BEF88B0077467F /* ImageLoader.swift */ = {isa = PBXFileReference; lastKnownFileType = sourcecode.swift; path = ImageLoader.swift; sourceTree = "<group>"; };
		717ACDFA24BF28C50077467F /* RemoteImage.swift */ = {isa = PBXFileReference; lastKnownFileType = sourcecode.swift; path = RemoteImage.swift; sourceTree = "<group>"; };
		717ACDFC24BF319B0077467F /* ImageCache.swift */ = {isa = PBXFileReference; lastKnownFileType = sourcecode.swift; path = ImageCache.swift; sourceTree = "<group>"; };
		717ACDFE24BF31E90077467F /* Image.swift */ = {isa = PBXFileReference; lastKnownFileType = sourcecode.swift; path = Image.swift; sourceTree = "<group>"; };
		717ACE0024BF6B810077467F /* Game.swift */ = {isa = PBXFileReference; lastKnownFileType = sourcecode.swift; path = Game.swift; sourceTree = "<group>"; };
		717ACE0424BF7DAD0077467F /* DetailView.swift */ = {isa = PBXFileReference; lastKnownFileType = sourcecode.swift; path = DetailView.swift; sourceTree = "<group>"; };
		717ACE0824C003EF0077467F /* GameRow.swift */ = {isa = PBXFileReference; lastKnownFileType = sourcecode.swift; path = GameRow.swift; sourceTree = "<group>"; };
		71E8B37724B223E900976939 /* gamacataloge.app */ = {isa = PBXFileReference; explicitFileType = wrapper.application; includeInIndex = 0; path = gamacataloge.app; sourceTree = BUILT_PRODUCTS_DIR; };
		71E8B37A24B223E900976939 /* AppDelegate.swift */ = {isa = PBXFileReference; lastKnownFileType = sourcecode.swift; path = AppDelegate.swift; sourceTree = "<group>"; };
		71E8B37C24B223E900976939 /* SceneDelegate.swift */ = {isa = PBXFileReference; lastKnownFileType = sourcecode.swift; path = SceneDelegate.swift; sourceTree = "<group>"; };
		71E8B37E24B223E900976939 /* MainView.swift */ = {isa = PBXFileReference; lastKnownFileType = sourcecode.swift; path = MainView.swift; sourceTree = "<group>"; };
		71E8B38024B223EA00976939 /* Assets.xcassets */ = {isa = PBXFileReference; lastKnownFileType = folder.assetcatalog; path = Assets.xcassets; sourceTree = "<group>"; };
		71E8B38324B223EA00976939 /* Preview Assets.xcassets */ = {isa = PBXFileReference; lastKnownFileType = folder.assetcatalog; path = "Preview Assets.xcassets"; sourceTree = "<group>"; };
		71E8B38624B223EA00976939 /* Base */ = {isa = PBXFileReference; lastKnownFileType = file.storyboard; name = Base; path = Base.lproj/LaunchScreen.storyboard; sourceTree = "<group>"; };
		71E8B38824B223EA00976939 /* Info.plist */ = {isa = PBXFileReference; lastKnownFileType = text.plist.xml; path = Info.plist; sourceTree = "<group>"; };
/* End PBXFileReference section */

/* Begin PBXFrameworksBuildPhase section */
		71E8B37424B223E900976939 /* Frameworks */ = {
			isa = PBXFrameworksBuildPhase;
			buildActionMask = 2147483647;
			files = (
			);
			runOnlyForDeploymentPostprocessing = 0;
		};
/* End PBXFrameworksBuildPhase section */

/* Begin PBXGroup section */
		717ACDED24BEA4700077467F /* Model */ = {
			isa = PBXGroup;
			children = (
				717ACDEE24BEA4880077467F /* Api.swift */,
				717ACE0024BF6B810077467F /* Game.swift */,
			);
			path = Model;
			sourceTree = "<group>";
		};
		71E8B36E24B223E900976939 = {
			isa = PBXGroup;
			children = (
				71E8B37924B223E900976939 /* gamacataloge */,
				71E8B37824B223E900976939 /* Products */,
			);
			sourceTree = "<group>";
		};
		71E8B37824B223E900976939 /* Products */ = {
			isa = PBXGroup;
			children = (
				71E8B37724B223E900976939 /* gamacataloge.app */,
			);
			name = Products;
			sourceTree = "<group>";
		};
		71E8B37924B223E900976939 /* gamacataloge */ = {
			isa = PBXGroup;
			children = (
				717ACDED24BEA4700077467F /* Model */,
				71E8B38F24B2246400976939 /* View */,
				71E8B38E24B2245A00976939 /* Base */,
				71E8B38024B223EA00976939 /* Assets.xcassets */,
				71E8B38524B223EA00976939 /* LaunchScreen.storyboard */,
				71E8B38824B223EA00976939 /* Info.plist */,
				71E8B38224B223EA00976939 /* Preview Content */,
			);
			path = gamacataloge;
			sourceTree = "<group>";
		};
		71E8B38224B223EA00976939 /* Preview Content */ = {
			isa = PBXGroup;
			children = (
				71E8B38324B223EA00976939 /* Preview Assets.xcassets */,
			);
			path = "Preview Content";
			sourceTree = "<group>";
		};
		71E8B38E24B2245A00976939 /* Base */ = {
			isa = PBXGroup;
			children = (
				717ACDF824BEF88B0077467F /* ImageLoader.swift */,
				71E8B37A24B223E900976939 /* AppDelegate.swift */,
				71E8B37C24B223E900976939 /* SceneDelegate.swift */,
				717ACDFA24BF28C50077467F /* RemoteImage.swift */,
				717ACDFC24BF319B0077467F /* ImageCache.swift */,
				717ACDFE24BF31E90077467F /* Image.swift */,
			);
			path = Base;
			sourceTree = "<group>";
		};
		71E8B38F24B2246400976939 /* View */ = {
			isa = PBXGroup;
			children = (
				71E8B37E24B223E900976939 /* MainView.swift */,
				717ACE0424BF7DAD0077467F /* DetailView.swift */,
				717ACE0824C003EF0077467F /* GameRow.swift */,
				71385FCF24C05D6E005DB04B /* AboutView.swift */,
				71385FD124C06A51005DB04B /* SearchBar.swift */,
			);
			path = View;
			sourceTree = "<group>";
		};
/* End PBXGroup section */

/* Begin PBXNativeTarget section */
		71E8B37624B223E900976939 /* gamacataloge */ = {
			isa = PBXNativeTarget;
			buildConfigurationList = 71E8B38B24B223EA00976939 /* Build configuration list for PBXNativeTarget "gamacataloge" */;
			buildPhases = (
				71E8B37324B223E900976939 /* Sources */,
				71E8B37424B223E900976939 /* Frameworks */,
				71E8B37524B223E900976939 /* Resources */,
			);
			buildRules = (
			);
			dependencies = (
			);
			name = gamacataloge;
			packageProductDependencies = (
			);
			productName = gamacataloge;
			productReference = 71E8B37724B223E900976939 /* gamacataloge.app */;
			productType = "com.apple.product-type.application";
		};
/* End PBXNativeTarget section */

/* Begin PBXProject section */
		71E8B36F24B223E900976939 /* Project object */ = {
			isa = PBXProject;
			attributes = {
				LastSwiftUpdateCheck = 1150;
				LastUpgradeCheck = 1150;
				ORGANIZATIONNAME = "Hasan Basri";
				TargetAttributes = {
					71E8B37624B223E900976939 = {
						CreatedOnToolsVersion = 11.5;
					};
				};
			};
			buildConfigurationList = 71E8B37224B223E900976939 /* Build configuration list for PBXProject "gamacataloge" */;
			compatibilityVersion = "Xcode 9.3";
			developmentRegion = en;
			hasScannedForEncodings = 0;
			knownRegions = (
				en,
				Base,
			);
			mainGroup = 71E8B36E24B223E900976939;
			packageReferences = (
			);
			productRefGroup = 71E8B37824B223E900976939 /* Products */;
			projectDirPath = "";
			projectRoot = "";
			targets = (
				71E8B37624B223E900976939 /* gamacataloge */,
			);
		};
/* End PBXProject section */

/* Begin PBXResourcesBuildPhase section */
		71E8B37524B223E900976939 /* Resources */ = {
			isa = PBXResourcesBuildPhase;
			buildActionMask = 2147483647;
			files = (
				71E8B38724B223EA00976939 /* LaunchScreen.storyboard in Resources */,
				71E8B38424B223EA00976939 /* Preview Assets.xcassets in Resources */,
				71E8B38124B223EA00976939 /* Assets.xcassets in Resources */,
			);
			runOnlyForDeploymentPostprocessing = 0;
		};
/* End PBXResourcesBuildPhase section */

/* Begin PBXSourcesBuildPhase section */
		71E8B37324B223E900976939 /* Sources */ = {
			isa = PBXSourcesBuildPhase;
			buildActionMask = 2147483647;
			files = (
				71385FD224C06A51005DB04B /* SearchBar.swift in Sources */,
				717ACE0924C003EF0077467F /* GameRow.swift in Sources */,
				717ACE0124BF6B810077467F /* Game.swift in Sources */,
				717ACDFF24BF31E90077467F /* Image.swift in Sources */,
				71E8B37B24B223E900976939 /* AppDelegate.swift in Sources */,
				71385FD024C05D6E005DB04B /* AboutView.swift in Sources */,
				717ACE0524BF7DAD0077467F /* DetailView.swift in Sources */,
				717ACDFD24BF319B0077467F /* ImageCache.swift in Sources */,
				717ACDFB24BF28C50077467F /* RemoteImage.swift in Sources */,
				717ACDF924BEF88B0077467F /* ImageLoader.swift in Sources */,
				71E8B37D24B223E900976939 /* SceneDelegate.swift in Sources */,
				717ACDEF24BEA4880077467F /* Api.swift in Sources */,
				71E8B37F24B223E900976939 /* MainView.swift in Sources */,
			);
			runOnlyForDeploymentPostprocessing = 0;
		};
/* End PBXSourcesBuildPhase section */

/* Begin PBXVariantGroup section */
		71E8B38524B223EA00976939 /* LaunchScreen.storyboard */ = {
			isa = PBXVariantGroup;
			children = (
				71E8B38624B223EA00976939 /* Base */,
			);
			name = LaunchScreen.storyboard;
			sourceTree = "<group>";
		};
/* End PBXVariantGroup section */

/* Begin XCBuildConfiguration section */
		71E8B38924B223EA00976939 /* Debug */ = {
			isa = XCBuildConfiguration;
			buildSettings = {
				ALWAYS_SEARCH_USER_PATHS = NO;
				CLANG_ANALYZER_NONNULL = YES;
				CLANG_ANALYZER_NUMBER_OBJECT_CONVERSION = YES_AGGRESSIVE;
				CLANG_CXX_LANGUAGE_STANDARD = "gnu++14";
				CLANG_CXX_LIBRARY = "libc++";
				CLANG_ENABLE_MODULES = YES;
				CLANG_ENABLE_OBJC_ARC = YES;
				CLANG_ENABLE_OBJC_WEAK = YES;
				CLANG_WARN_BLOCK_CAPTURE_AUTORELEASING = YES;
				CLANG_WARN_BOOL_CONVERSION = YES;
				CLANG_WARN_COMMA = YES;
				CLANG_WARN_CONSTANT_CONVERSION = YES;
				CLANG_WARN_DEPRECATED_OBJC_IMPLEMENTATIONS = YES;
				CLANG_WARN_DIRECT_OBJC_ISA_USAGE = YES_ERROR;
				CLANG_WARN_DOCUMENTATION_COMMENTS = YES;
				CLANG_WARN_EMPTY_BODY = YES;
				CLANG_WARN_ENUM_CONVERSION = YES;
				CLANG_WARN_INFINITE_RECURSION = YES;
				CLANG_WARN_INT_CONVERSION = YES;
				CLANG_WARN_NON_LITERAL_NULL_CONVERSION = YES;
				CLANG_WARN_OBJC_IMPLICIT_RETAIN_SELF = YES;
				CLANG_WARN_OBJC_LITERAL_CONVERSION = YES;
				CLANG_WARN_OBJC_ROOT_CLASS = YES_ERROR;
				CLANG_WARN_RANGE_LOOP_ANALYSIS = YES;
				CLANG_WARN_STRICT_PROTOTYPES = YES;
				CLANG_WARN_SUSPICIOUS_MOVE = YES;
				CLANG_WARN_UNGUARDED_AVAILABILITY = YES_AGGRESSIVE;
				CLANG_WARN_UNREACHABLE_CODE = YES;
				CLANG_WARN__DUPLICATE_METHOD_MATCH = YES;
				COPY_PHASE_STRIP = NO;
				DEBUG_INFORMATION_FORMAT = dwarf;
				ENABLE_STRICT_OBJC_MSGSEND = YES;
				ENABLE_TESTABILITY = YES;
				GCC_C_LANGUAGE_STANDARD = gnu11;
				GCC_DYNAMIC_NO_PIC = NO;
				GCC_NO_COMMON_BLOCKS = YES;
				GCC_OPTIMIZATION_LEVEL = 0;
				GCC_PREPROCESSOR_DEFINITIONS = (
					"DEBUG=1",
					"$(inherited)",
				);
				GCC_WARN_64_TO_32_BIT_CONVERSION = YES;
				GCC_WARN_ABOUT_RETURN_TYPE = YES_ERROR;
				GCC_WARN_UNDECLARED_SELECTOR = YES;
				GCC_WARN_UNINITIALIZED_AUTOS = YES_AGGRESSIVE;
				GCC_WARN_UNUSED_FUNCTION = YES;
				GCC_WARN_UNUSED_VARIABLE = YES;
				IPHONEOS_DEPLOYMENT_TARGET = 13.5;
				MTL_ENABLE_DEBUG_INFO = INCLUDE_SOURCE;
				MTL_FAST_MATH = YES;
				ONLY_ACTIVE_ARCH = YES;
				SDKROOT = iphoneos;
				SWIFT_ACTIVE_COMPILATION_CONDITIONS = DEBUG;
				SWIFT_OPTIMIZATION_LEVEL = "-Onone";
			};
			name = Debug;
		};
		71E8B38A24B223EA00976939 /* Release */ = {
			isa = XCBuildConfiguration;
			buildSettings = {
				ALWAYS_SEARCH_USER_PATHS = NO;
				CLANG_ANALYZER_NONNULL = YES;
				CLANG_ANALYZER_NUMBER_OBJECT_CONVERSION = YES_AGGRESSIVE;
				CLANG_CXX_LANGUAGE_STANDARD = "gnu++14";
				CLANG_CXX_LIBRARY = "libc++";
				CLANG_ENABLE_MODULES = YES;
				CLANG_ENABLE_OBJC_ARC = YES;
				CLANG_ENABLE_OBJC_WEAK = YES;
				CLANG_WARN_BLOCK_CAPTURE_AUTORELEASING = YES;
				CLANG_WARN_BOOL_CONVERSION = YES;
				CLANG_WARN_COMMA = YES;
				CLANG_WARN_CONSTANT_CONVERSION = YES;
				CLANG_WARN_DEPRECATED_OBJC_IMPLEMENTATIONS = YES;
				CLANG_WARN_DIRECT_OBJC_ISA_USAGE = YES_ERROR;
				CLANG_WARN_DOCUMENTATION_COMMENTS = YES;
				CLANG_WARN_EMPTY_BODY = YES;
				CLANG_WARN_ENUM_CONVERSION = YES;
				CLANG_WARN_INFINITE_RECURSION = YES;
				CLANG_WARN_INT_CONVERSION = YES;
				CLANG_WARN_NON_LITERAL_NULL_CONVERSION = YES;
				CLANG_WARN_OBJC_IMPLICIT_RETAIN_SELF = YES;
				CLANG_WARN_OBJC_LITERAL_CONVERSION = YES;
				CLANG_WARN_OBJC_ROOT_CLASS = YES_ERROR;
				CLANG_WARN_RANGE_LOOP_ANALYSIS = YES;
				CLANG_WARN_STRICT_PROTOTYPES = YES;
				CLANG_WARN_SUSPICIOUS_MOVE = YES;
				CLANG_WARN_UNGUARDED_AVAILABILITY = YES_AGGRESSIVE;
				CLANG_WARN_UNREACHABLE_CODE = YES;
				CLANG_WARN__DUPLICATE_METHOD_MATCH = YES;
				COPY_PHASE_STRIP = NO;
				DEBUG_INFORMATION_FORMAT = "dwarf-with-dsym";
				ENABLE_NS_ASSERTIONS = NO;
				ENABLE_STRICT_OBJC_MSGSEND = YES;
				GCC_C_LANGUAGE_STANDARD = gnu11;
				GCC_NO_COMMON_BLOCKS = YES;
				GCC_WARN_64_TO_32_BIT_CONVERSION = YES;
				GCC_WARN_ABOUT_RETURN_TYPE = YES_ERROR;
				GCC_WARN_UNDECLARED_SELECTOR = YES;
				GCC_WARN_UNINITIALIZED_AUTOS = YES_AGGRESSIVE;
				GCC_WARN_UNUSED_FUNCTION = YES;
				GCC_WARN_UNUSED_VARIABLE = YES;
				IPHONEOS_DEPLOYMENT_TARGET = 13.5;
				MTL_ENABLE_DEBUG_INFO = NO;
				MTL_FAST_MATH = YES;
				SDKROOT = iphoneos;
				SWIFT_COMPILATION_MODE = wholemodule;
				SWIFT_OPTIMIZATION_LEVEL = "-O";
				VALIDATE_PRODUCT = YES;
			};
			name = Release;
		};
		71E8B38C24B223EA00976939 /* Debug */ = {
			isa = XCBuildConfiguration;
			buildSettings = {
				ASSETCATALOG_COMPILER_APPICON_NAME = AppIcon;
				CODE_SIGN_STYLE = Automatic;
				DEVELOPMENT_ASSET_PATHS = "\"gamacataloge/Preview Content\"";
				DEVELOPMENT_TEAM = 2A6FN7SK9P;
				ENABLE_PREVIEWS = YES;
				INFOPLIST_FILE = gamacataloge/Info.plist;
				LD_RUNPATH_SEARCH_PATHS = (
					"$(inherited)",
					"@executable_path/Frameworks",
				);
				PRODUCT_BUNDLE_IDENTIFIER = com.hasanbasri93.gamacataloge;
				PRODUCT_NAME = "$(TARGET_NAME)";
				SWIFT_VERSION = 5.0;
				TARGETED_DEVICE_FAMILY = "1,2";
			};
			name = Debug;
		};
		71E8B38D24B223EA00976939 /* Release */ = {
			isa = XCBuildConfiguration;
			buildSettings = {
				ASSETCATALOG_COMPILER_APPICON_NAME = AppIcon;
				CODE_SIGN_STYLE = Automatic;
				DEVELOPMENT_ASSET_PATHS = "\"gamacataloge/Preview Content\"";
				DEVELOPMENT_TEAM = 2A6FN7SK9P;
				ENABLE_PREVIEWS = YES;
				INFOPLIST_FILE = gamacataloge/Info.plist;
				LD_RUNPATH_SEARCH_PATHS = (
					"$(inherited)",
					"@executable_path/Frameworks",
				);
				PRODUCT_BUNDLE_IDENTIFIER = com.hasanbasri93.gamacataloge;
				PRODUCT_NAME = "$(TARGET_NAME)";
				SWIFT_VERSION = 5.0;
				TARGETED_DEVICE_FAMILY = "1,2";
			};
			name = Release;
		};
/* End XCBuildConfiguration section */

/* Begin XCConfigurationList section */
		71E8B37224B223E900976939 /* Build configuration list for PBXProject "gamacataloge" */ = {
			isa = XCConfigurationList;
			buildConfigurations = (
				71E8B38924B223EA00976939 /* Debug */,
				71E8B38A24B223EA00976939 /* Release */,
			);
			defaultConfigurationIsVisible = 0;
			defaultConfigurationName = Release;
		};
		71E8B38B24B223EA00976939 /* Build configuration list for PBXNativeTarget "gamacataloge" */ = {
			isa = XCConfigurationList;
			buildConfigurations = (
				71E8B38C24B223EA00976939 /* Debug */,
				71E8B38D24B223EA00976939 /* Release */,
			);
			defaultConfigurationIsVisible = 0;
			defaultConfigurationName = Release;
		};
/* End XCConfigurationList section */
	};
	rootObject = 71E8B36F24B223E900976939 /* Project object */;
}
